
Microsoft Visual Studio Solution File, Format Version 12.00
# Visual Studio Version 17
VisualStudioVersion = 17.13.35931.197
MinimumVisualStudioVersion = 10.0.40219.1
Project("{FAE04EC0-301F-11D3-BF4B-00C04F79EFBC}") = "LocaGuest", "LocaGuest\LocaGuest.csproj", "{1263E893-6D05-435E-942F-8CEE489EB331}"
EndProject
Project("{FAE04EC0-301F-11D3-BF4B-00C04F79EFBC}") = "LocaGuest.Presentation", "LocaGuest.Presentation\LocaGuest.Presentation.csproj", "{B2262254-3AB6-4B87-BAD3-BFD54BB8A916}"
EndProject
Project("{FAE04EC0-301F-11D3-BF4B-00C04F79EFBC}") = "LocaGuest.Infrastructure", "LocaGuest.Infrastructure\LocaGuest.Infrastructure.csproj", "{E5336218-A53C-47E7-A7CA-BAF7A72DAF82}"
EndProject
Project("{FAE04EC0-301F-11D3-BF4B-00C04F79EFBC}") = "LocaGuest.Domain", "LocaGuest.Domain\LocaGuest.Domain.csproj", "{BF30954D-9F59-4F85-AAD9-DE7F8365C772}"
EndProject
Project("{FAE04EC0-301F-11D3-BF4B-00C04F79EFBC}") = "LocaGuest.Application", "LocaGuest.Application\LocaGuest.Application.csproj", "{D2DB4958-60AA-43C1-846E-F0F1538739D1}"
EndProject
Global
	GlobalSection(SolutionConfigurationPlatforms) = preSolution
		Debug|Any CPU = Debug|Any CPU
		Release|Any CPU = Release|Any CPU
	EndGlobalSection
	GlobalSection(ProjectConfigurationPlatforms) = postSolution
		{1263E893-6D05-435E-942F-8CEE489EB331}.Debug|Any CPU.ActiveCfg = Debug|Any CPU
		{1263E893-6D05-435E-942F-8CEE489EB331}.Debug|Any CPU.Build.0 = Debug|Any CPU
		{1263E893-6D05-435E-942F-8CEE489EB331}.Release|Any CPU.ActiveCfg = Release|Any CPU
		{1263E893-6D05-435E-942F-8CEE489EB331}.Release|Any CPU.Build.0 = Release|Any CPU
		{B2262254-3AB6-4B87-BAD3-BFD54BB8A916}.Debug|Any CPU.ActiveCfg = Debug|Any CPU
		{B2262254-3AB6-4B87-BAD3-BFD54BB8A916}.Debug|Any CPU.Build.0 = Debug|Any CPU
		{B2262254-3AB6-4B87-BAD3-BFD54BB8A916}.Release|Any CPU.ActiveCfg = Release|Any CPU
		{B2262254-3AB6-4B87-BAD3-BFD54BB8A916}.Release|Any CPU.Build.0 = Release|Any CPU
		{E5336218-A53C-47E7-A7CA-BAF7A72DAF82}.Debug|Any CPU.ActiveCfg = Debug|Any CPU
		{E5336218-A53C-47E7-A7CA-BAF7A72DAF82}.Debug|Any CPU.Build.0 = Debug|Any CPU
		{E5336218-A53C-47E7-A7CA-BAF7A72DAF82}.Release|Any CPU.ActiveCfg = Release|Any CPU
		{E5336218-A53C-47E7-A7CA-BAF7A72DAF82}.Release|Any CPU.Build.0 = Release|Any CPU
		{BF30954D-9F59-4F85-AAD9-DE7F8365C772}.Debug|Any CPU.ActiveCfg = Debug|Any CPU
		{BF30954D-9F59-4F85-AAD9-DE7F8365C772}.Debug|Any CPU.Build.0 = Debug|Any CPU
		{BF30954D-9F59-4F85-AAD9-DE7F8365C772}.Release|Any CPU.ActiveCfg = Release|Any CPU
		{BF30954D-9F59-4F85-AAD9-DE7F8365C772}.Release|Any CPU.Build.0 = Release|Any CPU
		{D2DB4958-60AA-43C1-846E-F0F1538739D1}.Debug|Any CPU.ActiveCfg = Debug|Any CPU
		{D2DB4958-60AA-43C1-846E-F0F1538739D1}.Debug|Any CPU.Build.0 = Debug|Any CPU
		{D2DB4958-60AA-43C1-846E-F0F1538739D1}.Release|Any CPU.ActiveCfg = Release|Any CPU
		{D2DB4958-60AA-43C1-846E-F0F1538739D1}.Release|Any CPU.Build.0 = Release|Any CPU
	EndGlobalSection
	GlobalSection(SolutionProperties) = preSolution
		HideSolutionNode = FALSE
	EndGlobalSection
	GlobalSection(ExtensibilityGlobals) = postSolution
		SolutionGuid = {43A40020-01B7-4DD4-9FF9-A61E6026BD1C}
	EndGlobalSection
EndGlobal
